# THIS IS AN AUTOGENERATED FILE. DO NOT EDIT THIS FILE DIRECTLY.
# yarn lockfile v1


renovate-newer-version-dep@1.0.1:
  version "1.0.1"
  resolved "https://registry.yarnpkg.com/renovate-newer-version-dep/-/renovate-newer-version-dep-1.0.1.tgz#f4538f5337cf81ba1a0690f2b0aaa21891756b35"
  integrity sha512-KJm18/aBJUyz/uf3anR1R93tcyuCQrMZwUvzkZ2Lm3O+YC+FlE8u89Y+iD/v7SjPigCRagmp8vMUBs+vcBG9Pg==

uuid@8.3.1:
  version "8.3.1"
  resolved "https://registry.yarnpkg.com/uuid/-/uuid-8.3.1.tgz#2ba2e6ca000da60fce5a196954ab241131e05a31"
  integrity sha512-FOmRr+FmWEIG8uhZv6C2bTgEVXsHk08kE7mPlrBbEe+c3r9pjceVPgupIfNIhc4yx55H69OXANrUaSuu9eInKg==
