# THIS IS AN AUTOGENERATED FILE. DO NOT EDIT THIS FILE DIRECTLY.
# yarn lockfile v1


renovate-newer-version-dep@1.0.0:
  version "1.0.0"
  resolved "https://registry.yarnpkg.com/renovate-newer-version-dep/-/renovate-newer-version-dep-1.0.0.tgz#0208b603e691085c2b9d72fc8b38ed118d396336"
  integrity sha512-E4iedaPzYUQelWNWzmAujtLgBWfVfjXW457E6Wxvqi9n0DAUogXNabXwErvnzY9ox5u0z5RllodfcpTZwGPfvQ==

uuid@8.3.1:
  version "8.3.1"
  resolved "https://registry.yarnpkg.com/uuid/-/uuid-8.3.1.tgz#2ba2e6ca000da60fce5a196954ab241131e05a31"
  integrity sha512-FOmRr+FmWEIG8uhZv6C2bTgEVXsHk08kE7mPlrBbEe+c3r9pjceVPgupIfNIhc4yx55H69OXANrUaSuu9eInKg==
